
Microsoft Visual Studio Solution File, Format Version 12.00
# Visual Studio Version 16
VisualStudioVersion = 16.0.31129.286
MinimumVisualStudioVersion = 10.0.40219.1
Project("{2150E333-8FDC-42A3-9474-1A3956D46DE8}") = "Solution Items", "Solution Items", "{0F0676E9-1533-4AD5-A9B1-6BEB52903EC1}"
	ProjectSection(SolutionItems) = preProject
		readme.md = readme.md
	EndProjectSection
EndProject
Project("{9A19103F-16F7-4668-BE54-9A1E7A4F7556}") = "BlazorDesktopTest", "src\BlazorDesktopTest\BlazorDesktopTest.csproj", "{C6B7D1EA-7D0E-40B5-A40B-9E9E06D742AF}"
EndProject
Project("{9A19103F-16F7-4668-BE54-9A1E7A4F7556}") = "BlazorWinFormsApp", "src\BlazorWinFormsApp\BlazorWinFormsApp.csproj", "{1E50A9F1-F632-4A37-8E74-BE9C51FA477C}"
EndProject
Project("{9A19103F-16F7-4668-BE54-9A1E7A4F7556}") = "WebviewAppShared", "src\WebviewAppShared\WebviewAppShared.csproj", "{12433B36-02DA-4530-B233-621F75E0D517}"
EndProject
Project("{9A19103F-16F7-4668-BE54-9A1E7A4F7556}") = "BlazorWpfApp", "src\BlazorWpfApp\BlazorWpfApp.csproj", "{EDE8422E-984D-493F-B171-4DA13DDC8209}"
EndProject
Global
	GlobalSection(SolutionConfigurationPlatforms) = preSolution
		Debug|Any CPU = Debug|Any CPU
		Release|Any CPU = Release|Any CPU
	EndGlobalSection
	GlobalSection(ProjectConfigurationPlatforms) = postSolution
		{C6B7D1EA-7D0E-40B5-A40B-9E9E06D742AF}.Debug|Any CPU.ActiveCfg = Debug|Any CPU
		{C6B7D1EA-7D0E-40B5-A40B-9E9E06D742AF}.Debug|Any CPU.Build.0 = Debug|Any CPU
		{C6B7D1EA-7D0E-40B5-A40B-9E9E06D742AF}.Release|Any CPU.ActiveCfg = Release|Any CPU
		{C6B7D1EA-7D0E-40B5-A40B-9E9E06D742AF}.Release|Any CPU.Build.0 = Release|Any CPU
		{1E50A9F1-F632-4A37-8E74-BE9C51FA477C}.Debug|Any CPU.ActiveCfg = Debug|Any CPU
		{1E50A9F1-F632-4A37-8E74-BE9C51FA477C}.Debug|Any CPU.Build.0 = Debug|Any CPU
		{1E50A9F1-F632-4A37-8E74-BE9C51FA477C}.Release|Any CPU.ActiveCfg = Release|Any CPU
		{1E50A9F1-F632-4A37-8E74-BE9C51FA477C}.Release|Any CPU.Build.0 = Release|Any CPU
		{12433B36-02DA-4530-B233-621F75E0D517}.Debug|Any CPU.ActiveCfg = Debug|Any CPU
		{12433B36-02DA-4530-B233-621F75E0D517}.Debug|Any CPU.Build.0 = Debug|Any CPU
		{12433B36-02DA-4530-B233-621F75E0D517}.Release|Any CPU.ActiveCfg = Release|Any CPU
		{12433B36-02DA-4530-B233-621F75E0D517}.Release|Any CPU.Build.0 = Release|Any CPU
		{EDE8422E-984D-493F-B171-4DA13DDC8209}.Debug|Any CPU.ActiveCfg = Debug|Any CPU
		{EDE8422E-984D-493F-B171-4DA13DDC8209}.Debug|Any CPU.Build.0 = Debug|Any CPU
		{EDE8422E-984D-493F-B171-4DA13DDC8209}.Release|Any CPU.ActiveCfg = Release|Any CPU
		{EDE8422E-984D-493F-B171-4DA13DDC8209}.Release|Any CPU.Build.0 = Release|Any CPU
	EndGlobalSection
	GlobalSection(SolutionProperties) = preSolution
		HideSolutionNode = FALSE
	EndGlobalSection
	GlobalSection(ExtensibilityGlobals) = postSolution
		SolutionGuid = {83E26756-FC19-479A-9074-C74CC45932CF}
	EndGlobalSection
EndGlobal
