
Microsoft Visual Studio Solution File, Format Version 12.00
# Visual Studio Version 16
VisualStudioVersion = 16.0.31129.286
MinimumVisualStudioVersion = 10.0.40219.1
Project("{FAE04EC0-301F-11D3-BF4B-00C04F79EFBC}") = "BlazorDesktopTest", "BlazorDesktopTest\BlazorDesktopTest.csproj", "{DF642898-AA58-459D-A8B5-C5F9B4D34F9F}"
EndProject
Project("{9A19103F-16F7-4668-BE54-9A1E7A4F7556}") = "BlazorWinFormsApp", "..\Samples\BlazorWinFormsApp\BlazorWinFormsApp.csproj", "{857037DD-AC01-4C4E-BBA9-AB32A17119EB}"
EndProject
Project("{9A19103F-16F7-4668-BE54-9A1E7A4F7556}") = "WebviewAppShared", "..\Samples\WebviewAppShared\WebviewAppShared.csproj", "{781DDB32-5552-4B59-9497-B29C04182BBD}"
EndProject
Project("{9A19103F-16F7-4668-BE54-9A1E7A4F7556}") = "Microsoft.AspNetCore.Components.WebView.WindowsForms", "..\Platforms\WindowsForms\src\Microsoft.AspNetCore.Components.WebView.WindowsForms.csproj", "{4A5E1A57-736E-49DF-B580-CD6640E1E62C}"
EndProject
Project("{9A19103F-16F7-4668-BE54-9A1E7A4F7556}") = "Microsoft.AspNetCore.Components.WebView.WebView2", "..\Platforms\WebView2\src\Microsoft.AspNetCore.Components.WebView.WebView2.csproj", "{A9BE0CEB-71B1-4CCE-BEF6-1A2AA3036F2A}"
EndProject
Project("{9A19103F-16F7-4668-BE54-9A1E7A4F7556}") = "Microsoft.AspNetCore.Components.WebView", "..\WebView\src\Microsoft.AspNetCore.Components.WebView.csproj", "{9E32A15C-9992-4711-9748-75E8D4139BDA}"
EndProject
Global
	GlobalSection(SolutionConfigurationPlatforms) = preSolution
		Debug|Any CPU = Debug|Any CPU
		Release|Any CPU = Release|Any CPU
	EndGlobalSection
	GlobalSection(ProjectConfigurationPlatforms) = postSolution
		{DF642898-AA58-459D-A8B5-C5F9B4D34F9F}.Debug|Any CPU.ActiveCfg = Debug|Any CPU
		{DF642898-AA58-459D-A8B5-C5F9B4D34F9F}.Debug|Any CPU.Build.0 = Debug|Any CPU
		{DF642898-AA58-459D-A8B5-C5F9B4D34F9F}.Release|Any CPU.ActiveCfg = Release|Any CPU
		{DF642898-AA58-459D-A8B5-C5F9B4D34F9F}.Release|Any CPU.Build.0 = Release|Any CPU
		{857037DD-AC01-4C4E-BBA9-AB32A17119EB}.Debug|Any CPU.ActiveCfg = Debug|Any CPU
		{857037DD-AC01-4C4E-BBA9-AB32A17119EB}.Debug|Any CPU.Build.0 = Debug|Any CPU
		{857037DD-AC01-4C4E-BBA9-AB32A17119EB}.Release|Any CPU.ActiveCfg = Release|Any CPU
		{857037DD-AC01-4C4E-BBA9-AB32A17119EB}.Release|Any CPU.Build.0 = Release|Any CPU
		{781DDB32-5552-4B59-9497-B29C04182BBD}.Debug|Any CPU.ActiveCfg = Debug|Any CPU
		{781DDB32-5552-4B59-9497-B29C04182BBD}.Debug|Any CPU.Build.0 = Debug|Any CPU
		{781DDB32-5552-4B59-9497-B29C04182BBD}.Release|Any CPU.ActiveCfg = Release|Any CPU
		{781DDB32-5552-4B59-9497-B29C04182BBD}.Release|Any CPU.Build.0 = Release|Any CPU
		{4A5E1A57-736E-49DF-B580-CD6640E1E62C}.Debug|Any CPU.ActiveCfg = Debug|Any CPU
		{4A5E1A57-736E-49DF-B580-CD6640E1E62C}.Debug|Any CPU.Build.0 = Debug|Any CPU
		{4A5E1A57-736E-49DF-B580-CD6640E1E62C}.Release|Any CPU.ActiveCfg = Release|Any CPU
		{4A5E1A57-736E-49DF-B580-CD6640E1E62C}.Release|Any CPU.Build.0 = Release|Any CPU
		{A9BE0CEB-71B1-4CCE-BEF6-1A2AA3036F2A}.Debug|Any CPU.ActiveCfg = Debug|Any CPU
		{A9BE0CEB-71B1-4CCE-BEF6-1A2AA3036F2A}.Debug|Any CPU.Build.0 = Debug|Any CPU
		{A9BE0CEB-71B1-4CCE-BEF6-1A2AA3036F2A}.Release|Any CPU.ActiveCfg = Release|Any CPU
		{A9BE0CEB-71B1-4CCE-BEF6-1A2AA3036F2A}.Release|Any CPU.Build.0 = Release|Any CPU
		{9E32A15C-9992-4711-9748-75E8D4139BDA}.Debug|Any CPU.ActiveCfg = Debug|Any CPU
		{9E32A15C-9992-4711-9748-75E8D4139BDA}.Debug|Any CPU.Build.0 = Debug|Any CPU
		{9E32A15C-9992-4711-9748-75E8D4139BDA}.Release|Any CPU.ActiveCfg = Release|Any CPU
		{9E32A15C-9992-4711-9748-75E8D4139BDA}.Release|Any CPU.Build.0 = Release|Any CPU
	EndGlobalSection
	GlobalSection(SolutionProperties) = preSolution
		HideSolutionNode = FALSE
	EndGlobalSection
	GlobalSection(ExtensibilityGlobals) = postSolution
		SolutionGuid = {83E26756-FC19-479A-9074-C74CC45932CF}
	EndGlobalSection
EndGlobal
